<?xml version="1.0" encoding="utf-8"?>
<Project ToolsVersion="4.0" xmlns="http://schemas.microsoft.com/developer/msbuild/2003">
  <ItemGroup>
    <Filter Include="Source Files">
      <UniqueIdentifier>{4FC737F1-C7A5-4376-A066-2A32D752A2FF}</UniqueIdentifier>
      <Extensions>cpp;c;cc;cxx;def;odl;idl;hpj;bat;asm;asmx</Extensions>
    </Filter>
    <Filter Include="Header Files">
      <UniqueIdentifier>{93995380-89BD-4b04-88EB-625FBE52EBFB}</UniqueIdentifier>
      <Extensions>h;hh;hpp;hxx;hm;inl;inc;xsd</Extensions>
    </Filter>
    <Filter Include="Resource Files">
      <UniqueIdentifier>{67DA6AB6-F800-4c08-8B7A-83BB121AAD01}</UniqueIdentifier>
      <Extensions>rc;ico;cur;bmp;dlg;rc2;rct;bin;rgs;gif;jpg;jpeg;jpe;resx;tiff;tif;png;wav;mfcribbon-ms</Extensions>
    </Filter>
    <Filter Include="Header Files\Core">
      <UniqueIdentifier>{e17c3f36-d16b-4fb7-a2c5-e5ec08d852ec}</UniqueIdentifier>
    </Filter>
    <Filter Include="Header Files\Game">
      <UniqueIdentifier>{45154a00-0717-46b1-97f9-3e7a292010fc}</UniqueIdentifier>
    </Filter>
  </ItemGroup>
  <ItemGroup>
    <ClInclude Include="include\Engine.h">
      <Filter>Header Files\Core</Filter>
    </ClInclude>
    <ClInclude Include="include\Core\Engine.h">
      <Filter>Header Files</Filter>
    </ClInclude>
    <ClInclude Include="include\Core\Game\Game.h">
      <Filter>Header Files</Filter>
    </ClInclude>
    <ClInclude Include="include\Helpers\Singleton.h">
      <Filter>Header Files</Filter>
    </ClInclude>
    <ClInclude Include="include\Defines\deletemacro.h">
      <Filter>Header Files</Filter>
    </ClInclude>
    <ClInclude Include="include\Diagnostics\Logger.h">
      <Filter>Header Files</Filter>
    </ClInclude>
    <ClInclude Include="include\Core\Game\AbstractGame.h">
      <Filter>Header Files</Filter>
    </ClInclude>
    <ClInclude Include="include\Core\Rendering\Renderer.h">
      <Filter>Header Files</Filter>
    </ClInclude>
    <ClInclude Include="include\Core\Settings\ApplicationSettings.h">
      <Filter>Header Files</Filter>
    </ClInclude>
    <ClInclude Include="include\Core\Settings\GameSettings.h">
      <Filter>Header Files</Filter>
    </ClInclude>
    <ClInclude Include="include\Core\Settings\PhyxSettings.h">
      <Filter>Header Files</Filter>
    </ClInclude>
    <ClInclude Include="include\Core\Settings\Settings.h">
      <Filter>Header Files</Filter>
    </ClInclude>
    <ClInclude Include="include\Core\Settings\WorldSettings.h">
      <Filter>Header Files</Filter>
    </ClInclude>
    <ClInclude Include="include\Core\System\Manager\SystemFactory.h">
      <Filter>Header Files</Filter>
    </ClInclude>
    <ClInclude Include="include\Core\System\Manager\SystemManager.h">
      <Filter>Header Files</Filter>
    </ClInclude>
    <ClInclude Include="include\Core\System\Graphics.h">
      <Filter>Header Files</Filter>
    </ClInclude>
    <ClInclude Include="include\Core\System\Logic.h">
      <Filter>Header Files</Filter>
    </ClInclude>
    <ClInclude Include="include\Core\System\MainTimer.h">
      <Filter>Header Files</Filter>
    </ClInclude>
    <ClInclude Include="include\Core\System\MainWindow.h">
      <Filter>Header Files</Filter>
    </ClInclude>
    <ClInclude Include="include\Core\System\System.h">
      <Filter>Header Files</Filter>
    </ClInclude>
    <ClInclude Include="include\Defines\Types\LogType.h">
      <Filter>Header Files</Filter>
    </ClInclude>
    <ClInclude Include="include\Defines\Types\ResourceType.h">
      <Filter>Header Files</Filter>
    </ClInclude>
    <ClInclude Include="include\Defines\Types\SystemType.h">
      <Filter>Header Files</Filter>
    </ClInclude>
    <ClInclude Include="include\Defines\assert.h">
      <Filter>Header Files</Filter>
    </ClInclude>
    <ClInclude Include="include\Defines\color.h">
      <Filter>Header Files</Filter>
    </ClInclude>
    <ClInclude Include="include\Defines\deletemacros.h">
      <Filter>Header Files</Filter>
    </ClInclude>
    <ClInclude Include="include\Defines\fstream.h">
      <Filter>Header Files</Filter>
    </ClInclude>
    <ClInclude Include="include\Defines\iostream.h">
      <Filter>Header Files</Filter>
    </ClInclude>
    <ClInclude Include="include\Defines\programdefaults.h">
      <Filter>Header Files</Filter>
    </ClInclude>
    <ClInclude Include="include\Defines\string.h">
      <Filter>Header Files</Filter>
    </ClInclude>
    <ClInclude Include="include\Defines\stringstream.h">
      <Filter>Header Files</Filter>
    </ClInclude>
    <ClInclude Include="include\Helpers\Math\Matrix2D.h">
      <Filter>Header Files</Filter>
    </ClInclude>
    <ClInclude Include="include\Helpers\Math\Rect2D.h">
      <Filter>Header Files</Filter>
    </ClInclude>
    <ClInclude Include="include\Helpers\Math\Vector2D.h">
      <Filter>Header Files</Filter>
    </ClInclude>
    <ClInclude Include="include\Helpers\Manager.h">
      <Filter>Header Files</Filter>
    </ClInclude>
    <ClInclude Include="include\Helpers\ObjectCounter.h">
      <Filter>Header Files</Filter>
    </ClInclude>
    <ClInclude Include="include\Interfaces\IDrawable.h">
      <Filter>Header Files</Filter>
    </ClInclude>
    <ClInclude Include="include\Interfaces\IFillableShape.h">
      <Filter>Header Files</Filter>
    </ClInclude>
    <ClInclude Include="include\Interfaces\IWindow.h">
      <Filter>Header Files</Filter>
    </ClInclude>
    <ClInclude Include="include\SceneGraph\Component\Component.h">
      <Filter>Header Files</Filter>
    </ClInclude>
    <ClInclude Include="include\SceneGraph\Object\GameObjects\GameObject.h">
      <Filter>Header Files</Filter>
    </ClInclude>
    <ClInclude Include="include\SceneGraph\Object\GameObjects\SceneObject.h">
      <Filter>Header Files</Filter>
    </ClInclude>
    <ClInclude Include="include\SceneGraph\Object\Objects\Timer.h">
      <Filter>Header Files</Filter>
    </ClInclude>
    <ClInclude Include="include\SceneGraph\Scene\Manager\SceneManager.h">
      <Filter>Header Files</Filter>
    </ClInclude>
    <ClInclude Include="include\SceneGraph\Scene\Scene.h">
      <Filter>Header Files</Filter>
    </ClInclude>
    <ClInclude Include="include\SceneGraph\Object.h">
      <Filter>Header Files</Filter>
    </ClInclude>
    <ClInclude Include="include\Defines\vertex.h">
      <Filter>Header Files</Filter>
    </ClInclude>
    <ClInclude Include="include\Defines\geometry.h">
      <Filter>Header Files</Filter>
    </ClInclude>
    <ClInclude Include="include\Defines\shader.h">
      <Filter>Header Files</Filter>
    </ClInclude>
    <ClInclude Include="include\SceneGraph\Component\RenderComponent.h">
      <Filter>Header Files</Filter>
    </ClInclude>
    <ClInclude Include="include\Core\System\Input.h">
      <Filter>Header Files</Filter>
    </ClInclude>
    <ClInclude Include="include\Defines\Types\InputType.h">
      <Filter>Header Files</Filter>
    </ClInclude>
    <ClInclude Include="include\Defines\texture.h">
      <Filter>Header Files</Filter>
    </ClInclude>
    <ClInclude Include="include\Defines\framebuffer.h">
      <Filter>Header Files</Filter>
    </ClInclude>
    <ClInclude Include="include\Helpers\FileReader.h">
      <Filter>Header Files</Filter>
    </ClInclude>
    <ClInclude Include="include\Defines\systemdefines.h">
      <Filter>Header Files</Filter>
    </ClInclude>
    <ClInclude Include="include\Core\System\Manager\ResourceManager.h">
      <Filter>Header Files</Filter>
    </ClInclude>
  </ItemGroup>
  <ItemGroup>
    <ClCompile Include="src\Core\Game\Game.cpp">
      <Filter>Source Files</Filter>
    </ClCompile>
    <ClCompile Include="src\Core\Engine.cpp">
      <Filter>Source Files</Filter>
    </ClCompile>
    <ClCompile Include="src\SceneGraph\Object.cpp">
      <Filter>Source Files</Filter>
    </ClCompile>
    <ClCompile Include="src\SceneGraph\Scene\Scene.cpp">
      <Filter>Source Files</Filter>
    </ClCompile>
    <ClCompile Include="src\SceneGraph\Object\Objects\Timer.cpp">
      <Filter>Source Files</Filter>
    </ClCompile>
    <ClCompile Include="src\SceneGraph\Object\GameObjects\SceneObject.cpp">
      <Filter>Source Files</Filter>
    </ClCompile>
    <ClCompile Include="src\SceneGraph\Object\GameObjects\GameObject.cpp">
      <Filter>Source Files</Filter>
    </ClCompile>
    <ClCompile Include="src\SceneGraph\Component\Component.cpp">
      <Filter>Source Files</Filter>
    </ClCompile>
    <ClCompile Include="src\Interfaces\IWindow.cpp">
      <Filter>Source Files</Filter>
    </ClCompile>
    <ClCompile Include="src\Interfaces\IDrawable.cpp">
      <Filter>Source Files</Filter>
    </ClCompile>
    <ClCompile Include="src\Interfaces\IFillableShape.cpp">
      <Filter>Source Files</Filter>
    </ClCompile>
    <ClCompile Include="src\Helpers\Singleton.cpp">
      <Filter>Source Files</Filter>
    </ClCompile>
    <ClCompile Include="src\Helpers\Manager.cpp">
      <Filter>Source Files</Filter>
    </ClCompile>
    <ClCompile Include="src\Helpers\Math\Vector2D.cpp">
      <Filter>Source Files</Filter>
    </ClCompile>
    <ClCompile Include="src\Helpers\Math\Rect2D.cpp">
      <Filter>Source Files</Filter>
    </ClCompile>
    <ClCompile Include="src\Helpers\Math\Matrix2D.cpp">
      <Filter>Source Files</Filter>
    </ClCompile>
    <ClCompile Include="src\Diagnostics\Logger.cpp">
      <Filter>Source Files</Filter>
    </ClCompile>
    <ClCompile Include="src\Core\Settings\WorldSettings.cpp">
      <Filter>Source Files</Filter>
    </ClCompile>
    <ClCompile Include="src\Core\Settings\ApplicationSettings.cpp">
      <Filter>Source Files</Filter>
    </ClCompile>
    <ClCompile Include="src\Core\Settings\GameSettings.cpp">
      <Filter>Source Files</Filter>
    </ClCompile>
    <ClCompile Include="src\Core\Settings\PhyxSettings.cpp">
      <Filter>Source Files</Filter>
    </ClCompile>
    <ClCompile Include="src\Core\Settings\Settings.cpp">
      <Filter>Source Files</Filter>
    </ClCompile>
    <ClCompile Include="src\Core\System\System.cpp">
      <Filter>Source Files</Filter>
    </ClCompile>
    <ClCompile Include="src\Core\System\Manager\SystemFactory.cpp">
      <Filter>Source Files</Filter>
    </ClCompile>
    <ClCompile Include="src\Core\System\Manager\SystemManager.cpp">
      <Filter>Source Files</Filter>
    </ClCompile>
    <ClCompile Include="src\Core\System\Graphics.cpp">
      <Filter>Source Files</Filter>
    </ClCompile>
    <ClCompile Include="src\Core\System\Logic.cpp">
      <Filter>Source Files</Filter>
    </ClCompile>
    <ClCompile Include="src\Core\System\MainTimer.cpp">
      <Filter>Source Files</Filter>
    </ClCompile>
    <ClCompile Include="src\Core\System\MainWindow.cpp">
      <Filter>Source Files</Filter>
    </ClCompile>
    <ClCompile Include="src\Core\Game\AbstractGame.cpp">
      <Filter>Source Files</Filter>
    </ClCompile>
    <ClCompile Include="src\SceneGraph\Scene\Manager\SceneManager.cpp">
      <Filter>Source Files</Filter>
    </ClCompile>
    <ClCompile Include="src\Core\Rendering\Renderer.cpp">
      <Filter>Source Files</Filter>
    </ClCompile>
    <ClCompile Include="src\SceneGraph\Component\RenderComponent.cpp">
      <Filter>Source Files</Filter>
    </ClCompile>
    <ClCompile Include="src\Core\System\Input.cpp">
      <Filter>Source Files</Filter>
    </ClCompile>
    <ClCompile Include="src\Core\System\Manager\ResourceManager.cpp">
      <Filter>Source Files</Filter>
    </ClCompile>
    <ClCompile Include="src\Defines\texture.cpp">
      <Filter>Source Files</Filter>
    </ClCompile>
    <ClCompile Include="src\Defines\shader.cpp">
      <Filter>Source Files</Filter>
    </ClCompile>
    <ClCompile Include="src\Defines\geometry.cpp">
      <Filter>Source Files</Filter>
    </ClCompile>
    <ClCompile Include="src\Defines\framebuffer.cpp">
      <Filter>Source Files</Filter>
    </ClCompile>
  </ItemGroup>
</Project>